
Microsoft Visual Studio Solution File, Format Version 12.00
# Visual Studio 15
VisualStudioVersion = 15.0.26730.12
MinimumVisualStudioVersion = 10.0.40219.1
Project("{FAE04EC0-301F-11D3-BF4B-00C04F79EFBC}") = "NextpvrtoVlc", "NextpvrtoVlc\NextpvrtoVlc.csproj", "{DA36FD13-9B27-4133-AD07-7551429F1302}"
EndProject
Global
	GlobalSection(SolutionConfigurationPlatforms) = preSolution
		Debug|Any CPU = Debug|Any CPU
		Release|Any CPU = Release|Any CPU
	EndGlobalSection
	GlobalSection(ProjectConfigurationPlatforms) = postSolution
		{DA36FD13-9B27-4133-AD07-7551429F1302}.Debug|Any CPU.ActiveCfg = Debug|Any CPU
		{DA36FD13-9B27-4133-AD07-7551429F1302}.Debug|Any CPU.Build.0 = Debug|Any CPU
		{DA36FD13-9B27-4133-AD07-7551429F1302}.Release|Any CPU.ActiveCfg = Release|Any CPU
		{DA36FD13-9B27-4133-AD07-7551429F1302}.Release|Any CPU.Build.0 = Release|Any CPU
	EndGlobalSection
	GlobalSection(SolutionProperties) = preSolution
		HideSolutionNode = FALSE
	EndGlobalSection
	GlobalSection(ExtensibilityGlobals) = postSolution
		SolutionGuid = {BCC38AE2-47A4-46DE-95B8-7B6DC67E69F8}
	EndGlobalSection
EndGlobal
